
Microsoft Visual Studio Solution File, Format Version 11.00
# Visual Studio 2010
Project("{FAE04EC0-301F-11D3-BF4B-00C04F79EFBC}") = "AR101", "Assembly-CSharp.csproj", "{9CD434F1-6370-7FB6-4242-424EB9DA596E}"
EndProject
Project("{FAE04EC0-301F-11D3-BF4B-00C04F79EFBC}") = "AR101", "Assembly-CSharp-Editor.csproj", "{9AA66547-5046-6CF5-F6CD-FC1D331CFA19}"
EndProject
Global
	GlobalSection(SolutionConfigurationPlatforms) = preSolution
		Debug|Any CPU = Debug|Any CPU
		Release|Any CPU = Release|Any CPU
	EndGlobalSection
	GlobalSection(ProjectConfigurationPlatforms) = postSolution
		{9CD434F1-6370-7FB6-4242-424EB9DA596E}.Debug|Any CPU.ActiveCfg = Debug|Any CPU
		{9CD434F1-6370-7FB6-4242-424EB9DA596E}.Debug|Any CPU.Build.0 = Debug|Any CPU
		{9CD434F1-6370-7FB6-4242-424EB9DA596E}.Release|Any CPU.ActiveCfg = Release|Any CPU
		{9CD434F1-6370-7FB6-4242-424EB9DA596E}.Release|Any CPU.Build.0 = Release|Any CPU
		{9AA66547-5046-6CF5-F6CD-FC1D331CFA19}.Debug|Any CPU.ActiveCfg = Debug|Any CPU
		{9AA66547-5046-6CF5-F6CD-FC1D331CFA19}.Debug|Any CPU.Build.0 = Debug|Any CPU
		{9AA66547-5046-6CF5-F6CD-FC1D331CFA19}.Release|Any CPU.ActiveCfg = Release|Any CPU
		{9AA66547-5046-6CF5-F6CD-FC1D331CFA19}.Release|Any CPU.Build.0 = Release|Any CPU
	EndGlobalSection
	GlobalSection(SolutionProperties) = preSolution
		HideSolutionNode = FALSE
	EndGlobalSection
	GlobalSection(MonoDevelopProperties) = preSolution
		StartupItem = Assembly-CSharp.csproj
	EndGlobalSection
EndGlobal
